PODS:
  - Alamofire (5.0.5)
  - NVActivityIndicatorView (5.1.1):
    - NVActivityIndicatorView/Base (= 5.1.1)
  - NVActivityIndicatorView/Base (5.1.1)

DEPENDENCIES:
  - Alamofire (~> 5.0.0-rc.2)
  - NVActivityIndicatorView

SPEC REPOS:
  trunk:
    - Alamofire
    - NVActivityIndicatorView

SPEC CHECKSUMS:
  Alamofire: df2f8f826963b08b9a870791ad48e07a10090b2e
  NVActivityIndicatorView: 1f6c5687f1171810aa27a3296814dc2d7dec3667

PODFILE CHECKSUM: 1979491c005ddf26cfa3a38e3788ec489bf6b793

COCOAPODS: 1.10.1
