// !$*UTF8*$!
{
	archiveVersion = 1;
	classes = {
	};
	objectVersion = 51;
	objects = {

/* Begin PBXBuildFile section */
		0E2651DB92F04F7FAE3188D1 /* Pods_OnlineCatalogueMVP.framework in Frameworks */ = {isa = PBXBuildFile; fileRef = A6B90C7616D7E4D05181BDD1 /* Pods_OnlineCatalogueMVP.framework */; };
		2A1F2BC32612FC2D001154BC /* AppDelegate.swift in Sources */ = {isa = PBXBuildFile; fileRef = 2A1F2BC22612FC2D001154BC /* AppDelegate.swift */; };
		2A1F2BC72612FC2D001154BC /* SearchedItemsViewController.swift in Sources */ = {isa = PBXBuildFile; fileRef = 2A1F2BC62612FC2D001154BC /* SearchedItemsViewController.swift */; };
		2A1F2BCA2612FC2D001154BC /* Main.storyboard in Resources */ = {isa = PBXBuildFile; fileRef = 2A1F2BC82612FC2D001154BC /* Main.storyboard */; };
		2A1F2BCC2612FC2F001154BC /* Assets.xcassets in Resources */ = {isa = PBXBuildFile; fileRef = 2A1F2BCB2612FC2F001154BC /* Assets.xcassets */; };
		2A1F2BCF2612FC2F001154BC /* LaunchScreen.storyboard in Resources */ = {isa = PBXBuildFile; fileRef = 2A1F2BCD2612FC2F001154BC /* LaunchScreen.storyboard */; };
		2A1F2BE72613013F001154BC /* ItemTableViewCell.swift in Sources */ = {isa = PBXBuildFile; fileRef = 2A1F2BE52613013F001154BC /* ItemTableViewCell.swift */; };
		2A1F2BE82613013F001154BC /* ItemTableViewCell.xib in Resources */ = {isa = PBXBuildFile; fileRef = 2A1F2BE62613013F001154BC /* ItemTableViewCell.xib */; };
		2A1F2BEE261308EA001154BC /* UITableViewExtension.swift in Sources */ = {isa = PBXBuildFile; fileRef = 2A1F2BED261308EA001154BC /* UITableViewExtension.swift */; };
		2A1F2C0726130B78001154BC /* String+localized.swift in Sources */ = {isa = PBXBuildFile; fileRef = 2A1F2C0626130B78001154BC /* String+localized.swift */; };
		2A1F2C0B26131073001154BC /* UIViewController+keyboard.swift in Sources */ = {isa = PBXBuildFile; fileRef = 2A1F2C0A26131073001154BC /* UIViewController+keyboard.swift */; };
		2A1F2C1226133902001154BC /* SearchedItemDisplayedModel.swift in Sources */ = {isa = PBXBuildFile; fileRef = 2A1F2C1126133902001154BC /* SearchedItemDisplayedModel.swift */; };
		2A1F2C152613395E001154BC /* RequestResultModel.swift in Sources */ = {isa = PBXBuildFile; fileRef = 2A1F2C142613395D001154BC /* RequestResultModel.swift */; };
		2A1F2C192613398E001154BC /* DataService.swift in Sources */ = {isa = PBXBuildFile; fileRef = 2A1F2C182613398E001154BC /* DataService.swift */; };
		2A1F2C1E261339DE001154BC /* CatalogueSearchResponseModel.swift in Sources */ = {isa = PBXBuildFile; fileRef = 2A1F2C1D261339DE001154BC /* CatalogueSearchResponseModel.swift */; };
		2A1F2C2626133D5A001154BC /* ApiService.swift in Sources */ = {isa = PBXBuildFile; fileRef = 2A1F2C2526133D5A001154BC /* ApiService.swift */; };
		2A1F2C2A26134180001154BC /* DetailedCatalogueItemResponseModel.swift in Sources */ = {isa = PBXBuildFile; fileRef = 2A1F2C2926134180001154BC /* DetailedCatalogueItemResponseModel.swift */; };
		2A1F2C30261347CF001154BC /* SearchedItemsPresenter.swift in Sources */ = {isa = PBXBuildFile; fileRef = 2A1F2C2F261347CF001154BC /* SearchedItemsPresenter.swift */; };
		2A1F2C3326134848001154BC /* BasePresenter.swift in Sources */ = {isa = PBXBuildFile; fileRef = 2A1F2C3226134848001154BC /* BasePresenter.swift */; };
		2A1F2C372613487B001154BC /* HandledVC.swift in Sources */ = {isa = PBXBuildFile; fileRef = 2A1F2C362613487B001154BC /* HandledVC.swift */; };
		2A1F2C3A261348AF001154BC /* UIViewControllerExtension.swift in Sources */ = {isa = PBXBuildFile; fileRef = 2A1F2C39261348AF001154BC /* UIViewControllerExtension.swift */; };
		2A1F2C3E261349A9001154BC /* SwiftyProgressHUD.swift in Sources */ = {isa = PBXBuildFile; fileRef = 2A1F2C3D261349A9001154BC /* SwiftyProgressHUD.swift */; };
		2A1F2C4826135B9C001154BC /* RequestExecuter.swift in Sources */ = {isa = PBXBuildFile; fileRef = 2A1F2C4726135B9C001154BC /* RequestExecuter.swift */; };
		2A1F2C4F261368C1001154BC /* UrlRouter.swift in Sources */ = {isa = PBXBuildFile; fileRef = 2A1F2C4E261368C1001154BC /* UrlRouter.swift */; };
		2A1F2C5226136DF4001154BC /* URL+queryItems.swift in Sources */ = {isa = PBXBuildFile; fileRef = 2A1F2C5126136DF4001154BC /* URL+queryItems.swift */; };
		2A1F2C5E261456BC001154BC /* DetailedItemViewController.swift in Sources */ = {isa = PBXBuildFile; fileRef = 2A1F2C5D261456BC001154BC /* DetailedItemViewController.swift */; };
		2A1F2C6926145E5E001154BC /* DetailedItemPresenter.swift in Sources */ = {isa = PBXBuildFile; fileRef = 2A1F2C6826145E5E001154BC /* DetailedItemPresenter.swift */; };
		2A1F2C6D261460F4001154BC /* Storyboarded.swift in Sources */ = {isa = PBXBuildFile; fileRef = 2A1F2C6C261460F4001154BC /* Storyboarded.swift */; };
		2A1F2C702614611D001154BC /* UIViewController+storyboard.swift in Sources */ = {isa = PBXBuildFile; fileRef = 2A1F2C6F2614611D001154BC /* UIViewController+storyboard.swift */; };
		2A1F2C7E2614A21C001154BC /* SelfSizedTableView.swift in Sources */ = {isa = PBXBuildFile; fileRef = 2A1F2C7D2614A21C001154BC /* SelfSizedTableView.swift */; };
		2A6B40012614F2C1001A953B /* ObjectSavable.swift in Sources */ = {isa = PBXBuildFile; fileRef = 2A6B40002614F2C1001A953B /* ObjectSavable.swift */; };
		2A6B40042614F383001A953B /* UserDefaults+ObjectSavable.swift in Sources */ = {isa = PBXBuildFile; fileRef = 2A6B40032614F382001A953B /* UserDefaults+ObjectSavable.swift */; };
		2A6B401C26150141001A953B /* Localizable.strings in Resources */ = {isa = PBXBuildFile; fileRef = 2A6B401A26150141001A953B /* Localizable.strings */; };
		2A6B402226150387001A953B /* Locals.swift in Sources */ = {isa = PBXBuildFile; fileRef = 2A6B402126150387001A953B /* Locals.swift */; };
/* End PBXBuildFile section */

/* Begin PBXFileReference section */
		2A1F2BBF2612FC2D001154BC /* OnlineCatalogueMVP.app */ = {isa = PBXFileReference; explicitFileType = wrapper.application; includeInIndex = 0; path = OnlineCatalogueMVP.app; sourceTree = BUILT_PRODUCTS_DIR; };
		2A1F2BC22612FC2D001154BC /* AppDelegate.swift */ = {isa = PBXFileReference; lastKnownFileType = sourcecode.swift; path = AppDelegate.swift; sourceTree = "<group>"; };
		2A1F2BC62612FC2D001154BC /* SearchedItemsViewController.swift */ = {isa = PBXFileReference; lastKnownFileType = sourcecode.swift; path = SearchedItemsViewController.swift; sourceTree = "<group>"; };
		2A1F2BC92612FC2D001154BC /* Base */ = {isa = PBXFileReference; lastKnownFileType = file.storyboard; name = Base; path = Base.lproj/Main.storyboard; sourceTree = "<group>"; };
		2A1F2BCB2612FC2F001154BC /* Assets.xcassets */ = {isa = PBXFileReference; lastKnownFileType = folder.assetcatalog; path = Assets.xcassets; sourceTree = "<group>"; };
		2A1F2BCE2612FC2F001154BC /* Base */ = {isa = PBXFileReference; lastKnownFileType = file.storyboard; name = Base; path = Base.lproj/LaunchScreen.storyboard; sourceTree = "<group>"; };
		2A1F2BD02612FC2F001154BC /* Info.plist */ = {isa = PBXFileReference; lastKnownFileType = text.plist.xml; path = Info.plist; sourceTree = "<group>"; };
		2A1F2BE52613013F001154BC /* ItemTableViewCell.swift */ = {isa = PBXFileReference; lastKnownFileType = sourcecode.swift; path = ItemTableViewCell.swift; sourceTree = "<group>"; };
		2A1F2BE62613013F001154BC /* ItemTableViewCell.xib */ = {isa = PBXFileReference; lastKnownFileType = file.xib; path = ItemTableViewCell.xib; sourceTree = "<group>"; };
		2A1F2BED261308EA001154BC /* UITableViewExtension.swift */ = {isa = PBXFileReference; lastKnownFileType = sourcecode.swift; path = UITableViewExtension.swift; sourceTree = "<group>"; };
		2A1F2C0626130B78001154BC /* String+localized.swift */ = {isa = PBXFileReference; lastKnownFileType = sourcecode.swift; path = "String+localized.swift"; sourceTree = "<group>"; };
		2A1F2C0A26131073001154BC /* UIViewController+keyboard.swift */ = {isa = PBXFileReference; lastKnownFileType = sourcecode.swift; path = "UIViewController+keyboard.swift"; sourceTree = "<group>"; };
		2A1F2C1126133902001154BC /* SearchedItemDisplayedModel.swift */ = {isa = PBXFileReference; lastKnownFileType = sourcecode.swift; path = SearchedItemDisplayedModel.swift; sourceTree = "<group>"; };
		2A1F2C142613395D001154BC /* RequestResultModel.swift */ = {isa = PBXFileReference; lastKnownFileType = sourcecode.swift; path = RequestResultModel.swift; sourceTree = "<group>"; };
		2A1F2C182613398E001154BC /* DataService.swift */ = {isa = PBXFileReference; lastKnownFileType = sourcecode.swift; path = DataService.swift; sourceTree = "<group>"; };
		2A1F2C1D261339DE001154BC /* CatalogueSearchResponseModel.swift */ = {isa = PBXFileReference; lastKnownFileType = sourcecode.swift; path = CatalogueSearchResponseModel.swift; sourceTree = "<group>"; };
		2A1F2C2526133D5A001154BC /* ApiService.swift */ = {isa = PBXFileReference; lastKnownFileType = sourcecode.swift; path = ApiService.swift; sourceTree = "<group>"; };
		2A1F2C2926134180001154BC /* DetailedCatalogueItemResponseModel.swift */ = {isa = PBXFileReference; lastKnownFileType = sourcecode.swift; path = DetailedCatalogueItemResponseModel.swift; sourceTree = "<group>"; };
		2A1F2C2F261347CF001154BC /* SearchedItemsPresenter.swift */ = {isa = PBXFileReference; lastKnownFileType = sourcecode.swift; path = SearchedItemsPresenter.swift; sourceTree = "<group>"; };
		2A1F2C3226134848001154BC /* BasePresenter.swift */ = {isa = PBXFileReference; lastKnownFileType = sourcecode.swift; path = BasePresenter.swift; sourceTree = "<group>"; };
		2A1F2C362613487B001154BC /* HandledVC.swift */ = {isa = PBXFileReference; lastKnownFileType = sourcecode.swift; path = HandledVC.swift; sourceTree = "<group>"; };
		2A1F2C39261348AF001154BC /* UIViewControllerExtension.swift */ = {isa = PBXFileReference; lastKnownFileType = sourcecode.swift; path = UIViewControllerExtension.swift; sourceTree = "<group>"; };
		2A1F2C3D261349A9001154BC /* SwiftyProgressHUD.swift */ = {isa = PBXFileReference; lastKnownFileType = sourcecode.swift; path = SwiftyProgressHUD.swift; sourceTree = "<group>"; };
		2A1F2C4726135B9C001154BC /* RequestExecuter.swift */ = {isa = PBXFileReference; lastKnownFileType = sourcecode.swift; path = RequestExecuter.swift; sourceTree = "<group>"; };
		2A1F2C4E261368C1001154BC /* UrlRouter.swift */ = {isa = PBXFileReference; lastKnownFileType = sourcecode.swift; path = UrlRouter.swift; sourceTree = "<group>"; };
		2A1F2C5126136DF4001154BC /* URL+queryItems.swift */ = {isa = PBXFileReference; lastKnownFileType = sourcecode.swift; path = "URL+queryItems.swift"; sourceTree = "<group>"; };
		2A1F2C5D261456BC001154BC /* DetailedItemViewController.swift */ = {isa = PBXFileReference; lastKnownFileType = sourcecode.swift; path = DetailedItemViewController.swift; sourceTree = "<group>"; };
		2A1F2C6826145E5E001154BC /* DetailedItemPresenter.swift */ = {isa = PBXFileReference; lastKnownFileType = sourcecode.swift; path = DetailedItemPresenter.swift; sourceTree = "<group>"; };
		2A1F2C6C261460F4001154BC /* Storyboarded.swift */ = {isa = PBXFileReference; lastKnownFileType = sourcecode.swift; path = Storyboarded.swift; sourceTree = "<group>"; };
		2A1F2C6F2614611D001154BC /* UIViewController+storyboard.swift */ = {isa = PBXFileReference; lastKnownFileType = sourcecode.swift; path = "UIViewController+storyboard.swift"; sourceTree = "<group>"; };
		2A1F2C7D2614A21C001154BC /* SelfSizedTableView.swift */ = {isa = PBXFileReference; lastKnownFileType = sourcecode.swift; path = SelfSizedTableView.swift; sourceTree = "<group>"; };
		2A6B40002614F2C1001A953B /* ObjectSavable.swift */ = {isa = PBXFileReference; lastKnownFileType = sourcecode.swift; path = ObjectSavable.swift; sourceTree = "<group>"; };
		2A6B40032614F382001A953B /* UserDefaults+ObjectSavable.swift */ = {isa = PBXFileReference; lastKnownFileType = sourcecode.swift; path = "UserDefaults+ObjectSavable.swift"; sourceTree = "<group>"; };
		2A6B400E2615004B001A953B /* es-419 */ = {isa = PBXFileReference; lastKnownFileType = text.plist.strings; name = "es-419"; path = "es-419.lproj/Main.strings"; sourceTree = "<group>"; };
		2A6B400F2615004C001A953B /* es-419 */ = {isa = PBXFileReference; lastKnownFileType = text.plist.strings; name = "es-419"; path = "es-419.lproj/LaunchScreen.strings"; sourceTree = "<group>"; };
		2A6B401B26150141001A953B /* Base */ = {isa = PBXFileReference; lastKnownFileType = text.plist.strings; name = Base; path = Base.lproj/Localizable.strings; sourceTree = "<group>"; };
		2A6B401F26150148001A953B /* es-419 */ = {isa = PBXFileReference; lastKnownFileType = text.plist.strings; name = "es-419"; path = "es-419.lproj/Localizable.strings"; sourceTree = "<group>"; };
		2A6B402126150387001A953B /* Locals.swift */ = {isa = PBXFileReference; lastKnownFileType = sourcecode.swift; path = Locals.swift; sourceTree = "<group>"; };
		5AD1B57F89ACA20B35D74AF8 /* Pods-OnlineCatalogueMVP.debug.xcconfig */ = {isa = PBXFileReference; includeInIndex = 1; lastKnownFileType = text.xcconfig; name = "Pods-OnlineCatalogueMVP.debug.xcconfig"; path = "Target Support Files/Pods-OnlineCatalogueMVP/Pods-OnlineCatalogueMVP.debug.xcconfig"; sourceTree = "<group>"; };
		A6B90C7616D7E4D05181BDD1 /* Pods_OnlineCatalogueMVP.framework */ = {isa = PBXFileReference; explicitFileType = wrapper.framework; includeInIndex = 0; path = Pods_OnlineCatalogueMVP.framework; sourceTree = BUILT_PRODUCTS_DIR; };
		FC33F328281497DAAE0C7733 /* Pods-OnlineCatalogueMVP.release.xcconfig */ = {isa = PBXFileReference; includeInIndex = 1; lastKnownFileType = text.xcconfig; name = "Pods-OnlineCatalogueMVP.release.xcconfig"; path = "Target Support Files/Pods-OnlineCatalogueMVP/Pods-OnlineCatalogueMVP.release.xcconfig"; sourceTree = "<group>"; };
/* End PBXFileReference section */

/* Begin PBXFrameworksBuildPhase section */
		2A1F2BBC2612FC2D001154BC /* Frameworks */ = {
			isa = PBXFrameworksBuildPhase;
			buildActionMask = 2147483647;
			files = (
				0E2651DB92F04F7FAE3188D1 /* Pods_OnlineCatalogueMVP.framework in Frameworks */,
			);
			runOnlyForDeploymentPostprocessing = 0;
		};
/* End PBXFrameworksBuildPhase section */

/* Begin PBXGroup section */
		175506465E3B072958C3FC6B /* Pods */ = {
			isa = PBXGroup;
			children = (
				5AD1B57F89ACA20B35D74AF8 /* Pods-OnlineCatalogueMVP.debug.xcconfig */,
				FC33F328281497DAAE0C7733 /* Pods-OnlineCatalogueMVP.release.xcconfig */,
			);
			path = Pods;
			sourceTree = "<group>";
		};
		2A1F2BB62612FC2D001154BC = {
			isa = PBXGroup;
			children = (
				2A1F2BC12612FC2D001154BC /* OnlineCatalogueMVP */,
				2A1F2BC02612FC2D001154BC /* Products */,
				175506465E3B072958C3FC6B /* Pods */,
				B33E03B945E5D7E197D08564 /* Frameworks */,
			);
			sourceTree = "<group>";
		};
		2A1F2BC02612FC2D001154BC /* Products */ = {
			isa = PBXGroup;
			children = (
				2A1F2BBF2612FC2D001154BC /* OnlineCatalogueMVP.app */,
			);
			name = Products;
			sourceTree = "<group>";
		};
		2A1F2BC12612FC2D001154BC /* OnlineCatalogueMVP */ = {
			isa = PBXGroup;
			children = (
				2A1F2BC22612FC2D001154BC /* AppDelegate.swift */,
				2A1F2C0D261313D4001154BC /* Networking */,
				2A1F2BE32613003E001154BC /* Scenes */,
				2A1F2BDD2612FDE8001154BC /* Resources */,
				2A1F2BEC261308CD001154BC /* Extensions */,
				2A1F2C1726133977001154BC /* Protocols */,
				2A1F2C3C2613499C001154BC /* Helper */,
				2A1F2BD02612FC2F001154BC /* Info.plist */,
				2A6B401A26150141001A953B /* Localizable.strings */,
			);
			path = OnlineCatalogueMVP;
			sourceTree = "<group>";
		};
		2A1F2BD92612FD93001154BC /* SearchedItems */ = {
			isa = PBXGroup;
			children = (
				2A1F2BC62612FC2D001154BC /* SearchedItemsViewController.swift */,
				2A1F2C2F261347CF001154BC /* SearchedItemsPresenter.swift */,
				2A1F2C1126133902001154BC /* SearchedItemDisplayedModel.swift */,
				2A1F2BDF2612FF3A001154BC /* Cells */,
			);
			path = SearchedItems;
			sourceTree = "<group>";
		};
		2A1F2BDA2612FD9B001154BC /* DetailedItem */ = {
			isa = PBXGroup;
			children = (
				2A1F2C5D261456BC001154BC /* DetailedItemViewController.swift */,
				2A1F2C6826145E5E001154BC /* DetailedItemPresenter.swift */,
			);
			path = DetailedItem;
			sourceTree = "<group>";
		};
		2A1F2BDD2612FDE8001154BC /* Resources */ = {
			isa = PBXGroup;
			children = (
				2A1F2BC82612FC2D001154BC /* Main.storyboard */,
				2A1F2BCB2612FC2F001154BC /* Assets.xcassets */,
				2A1F2BCD2612FC2F001154BC /* LaunchScreen.storyboard */,
			);
			path = Resources;
			sourceTree = "<group>";
		};
		2A1F2BDF2612FF3A001154BC /* Cells */ = {
			isa = PBXGroup;
			children = (
				2A1F2BE52613013F001154BC /* ItemTableViewCell.swift */,
				2A1F2BE62613013F001154BC /* ItemTableViewCell.xib */,
			);
			path = Cells;
			sourceTree = "<group>";
		};
		2A1F2BE32613003E001154BC /* Scenes */ = {
			isa = PBXGroup;
			children = (
				2A1F2C3226134848001154BC /* BasePresenter.swift */,
				2A1F2BD92612FD93001154BC /* SearchedItems */,
				2A1F2BDA2612FD9B001154BC /* DetailedItem */,
			);
			path = Scenes;
			sourceTree = "<group>";
		};
		2A1F2BEC261308CD001154BC /* Extensions */ = {
			isa = PBXGroup;
			children = (
				2A1F2BED261308EA001154BC /* UITableViewExtension.swift */,
				2A1F2C5126136DF4001154BC /* URL+queryItems.swift */,
				2A1F2C0626130B78001154BC /* String+localized.swift */,
				2A1F2C0A26131073001154BC /* UIViewController+keyboard.swift */,
				2A1F2C39261348AF001154BC /* UIViewControllerExtension.swift */,
				2A1F2C6F2614611D001154BC /* UIViewController+storyboard.swift */,
				2A6B40032614F382001A953B /* UserDefaults+ObjectSavable.swift */,
			);
			path = Extensions;
			sourceTree = "<group>";
		};
		2A1F2C0D261313D4001154BC /* Networking */ = {
			isa = PBXGroup;
			children = (
				2A1F2C142613395D001154BC /* RequestResultModel.swift */,
				2A1F2C2526133D5A001154BC /* ApiService.swift */,
				2A1F2C4E261368C1001154BC /* UrlRouter.swift */,
				2A1F2C4726135B9C001154BC /* RequestExecuter.swift */,
				2A1F2C1C261339AF001154BC /* ResponseModels */,
			);
			path = Networking;
			sourceTree = "<group>";
		};
		2A1F2C1726133977001154BC /* Protocols */ = {
			isa = PBXGroup;
			children = (
				2A1F2C182613398E001154BC /* DataService.swift */,
				2A1F2C362613487B001154BC /* HandledVC.swift */,
				2A1F2C6C261460F4001154BC /* Storyboarded.swift */,
				2A6B40002614F2C1001A953B /* ObjectSavable.swift */,
			);
			path = Protocols;
			sourceTree = "<group>";
		};
		2A1F2C1C261339AF001154BC /* ResponseModels */ = {
			isa = PBXGroup;
			children = (
				2A1F2C1D261339DE001154BC /* CatalogueSearchResponseModel.swift */,
				2A1F2C2926134180001154BC /* DetailedCatalogueItemResponseModel.swift */,
			);
			path = ResponseModels;
			sourceTree = "<group>";
		};
		2A1F2C3C2613499C001154BC /* Helper */ = {
			isa = PBXGroup;
			children = (
				2A1F2C3D261349A9001154BC /* SwiftyProgressHUD.swift */,
				2A1F2C7D2614A21C001154BC /* SelfSizedTableView.swift */,
				2A6B402126150387001A953B /* Locals.swift */,
			);
			path = Helper;
			sourceTree = "<group>";
		};
		B33E03B945E5D7E197D08564 /* Frameworks */ = {
			isa = PBXGroup;
			children = (
				A6B90C7616D7E4D05181BDD1 /* Pods_OnlineCatalogueMVP.framework */,
			);
			name = Frameworks;
			sourceTree = "<group>";
		};
/* End PBXGroup section */

/* Begin PBXNativeTarget section */
		2A1F2BBE2612FC2D001154BC /* OnlineCatalogueMVP */ = {
			isa = PBXNativeTarget;
			buildConfigurationList = 2A1F2BD32612FC2F001154BC /* Build configuration list for PBXNativeTarget "OnlineCatalogueMVP" */;
			buildPhases = (
				DA96743B07C17846F3A4B07B /* [CP] Check Pods Manifest.lock */,
				2A1F2BBB2612FC2D001154BC /* Sources */,
				2A1F2BBC2612FC2D001154BC /* Frameworks */,
				2A1F2BBD2612FC2D001154BC /* Resources */,
				12F6EE468DDF6F53E87B5EB6 /* [CP] Embed Pods Frameworks */,
			);
			buildRules = (
			);
			dependencies = (
			);
			name = OnlineCatalogueMVP;
			productName = OnlineCatalogueMVP;
			productReference = 2A1F2BBF2612FC2D001154BC /* OnlineCatalogueMVP.app */;
			productType = "com.apple.product-type.application";
		};
/* End PBXNativeTarget section */

/* Begin PBXProject section */
		2A1F2BB72612FC2D001154BC /* Project object */ = {
			isa = PBXProject;
			attributes = {
				LastSwiftUpdateCheck = 1200;
				LastUpgradeCheck = 1200;
				TargetAttributes = {
					2A1F2BBE2612FC2D001154BC = {
						CreatedOnToolsVersion = 12.0;
					};
				};
			};
			buildConfigurationList = 2A1F2BBA2612FC2D001154BC /* Build configuration list for PBXProject "OnlineCatalogueMVP" */;
			compatibilityVersion = "Xcode 9.3";
			developmentRegion = en;
			hasScannedForEncodings = 0;
			knownRegions = (
				en,
				Base,
				"es-419",
			);
			mainGroup = 2A1F2BB62612FC2D001154BC;
			productRefGroup = 2A1F2BC02612FC2D001154BC /* Products */;
			projectDirPath = "";
			projectRoot = "";
			targets = (
				2A1F2BBE2612FC2D001154BC /* OnlineCatalogueMVP */,
			);
		};
/* End PBXProject section */

/* Begin PBXResourcesBuildPhase section */
		2A1F2BBD2612FC2D001154BC /* Resources */ = {
			isa = PBXResourcesBuildPhase;
			buildActionMask = 2147483647;
			files = (
				2A6B401C26150141001A953B /* Localizable.strings in Resources */,
				2A1F2BE82613013F001154BC /* ItemTableViewCell.xib in Resources */,
				2A1F2BCF2612FC2F001154BC /* LaunchScreen.storyboard in Resources */,
				2A1F2BCC2612FC2F001154BC /* Assets.xcassets in Resources */,
				2A1F2BCA2612FC2D001154BC /* Main.storyboard in Resources */,
			);
			runOnlyForDeploymentPostprocessing = 0;
		};
/* End PBXResourcesBuildPhase section */

/* Begin PBXShellScriptBuildPhase section */
		12F6EE468DDF6F53E87B5EB6 /* [CP] Embed Pods Frameworks */ = {
			isa = PBXShellScriptBuildPhase;
			buildActionMask = 2147483647;
			files = (
			);
			inputFileListPaths = (
				"${PODS_ROOT}/Target Support Files/Pods-OnlineCatalogueMVP/Pods-OnlineCatalogueMVP-frameworks-${CONFIGURATION}-input-files.xcfilelist",
			);
			name = "[CP] Embed Pods Frameworks";
			outputFileListPaths = (
				"${PODS_ROOT}/Target Support Files/Pods-OnlineCatalogueMVP/Pods-OnlineCatalogueMVP-frameworks-${CONFIGURATION}-output-files.xcfilelist",
			);
			runOnlyForDeploymentPostprocessing = 0;
			shellPath = /bin/sh;
			shellScript = "\"${PODS_ROOT}/Target Support Files/Pods-OnlineCatalogueMVP/Pods-OnlineCatalogueMVP-frameworks.sh\"\n";
			showEnvVarsInLog = 0;
		};
		DA96743B07C17846F3A4B07B /* [CP] Check Pods Manifest.lock */ = {
			isa = PBXShellScriptBuildPhase;
			buildActionMask = 2147483647;
			files = (
			);
			inputFileListPaths = (
			);
			inputPaths = (
				"${PODS_PODFILE_DIR_PATH}/Podfile.lock",
				"${PODS_ROOT}/Manifest.lock",
			);
			name = "[CP] Check Pods Manifest.lock";
			outputFileListPaths = (
			);
			outputPaths = (
				"$(DERIVED_FILE_DIR)/Pods-OnlineCatalogueMVP-checkManifestLockResult.txt",
			);
			runOnlyForDeploymentPostprocessing = 0;
			shellPath = /bin/sh;
			shellScript = "diff \"${PODS_PODFILE_DIR_PATH}/Podfile.lock\" \"${PODS_ROOT}/Manifest.lock\" > /dev/null\nif [ $? != 0 ] ; then\n    # print error to STDERR\n    echo \"error: The sandbox is not in sync with the Podfile.lock. Run 'pod install' or update your CocoaPods installation.\" >&2\n    exit 1\nfi\n# This output is used by Xcode 'outputs' to avoid re-running this script phase.\necho \"SUCCESS\" > \"${SCRIPT_OUTPUT_FILE_0}\"\n";
			showEnvVarsInLog = 0;
		};
/* End PBXShellScriptBuildPhase section */

/* Begin PBXSourcesBuildPhase section */
		2A1F2BBB2612FC2D001154BC /* Sources */ = {
			isa = PBXSourcesBuildPhase;
			buildActionMask = 2147483647;
			files = (
				2A1F2C3E261349A9001154BC /* SwiftyProgressHUD.swift in Sources */,
				2A6B402226150387001A953B /* Locals.swift in Sources */,
				2A1F2C5E261456BC001154BC /* DetailedItemViewController.swift in Sources */,
				2A1F2C1E261339DE001154BC /* CatalogueSearchResponseModel.swift in Sources */,
				2A1F2C3326134848001154BC /* BasePresenter.swift in Sources */,
				2A1F2C5226136DF4001154BC /* URL+queryItems.swift in Sources */,
				2A1F2C6D261460F4001154BC /* Storyboarded.swift in Sources */,
				2A1F2C2A26134180001154BC /* DetailedCatalogueItemResponseModel.swift in Sources */,
				2A1F2BC72612FC2D001154BC /* SearchedItemsViewController.swift in Sources */,
				2A1F2C3A261348AF001154BC /* UIViewControllerExtension.swift in Sources */,
				2A1F2C2626133D5A001154BC /* ApiService.swift in Sources */,
				2A1F2C30261347CF001154BC /* SearchedItemsPresenter.swift in Sources */,
				2A1F2BE72613013F001154BC /* ItemTableViewCell.swift in Sources */,
				2A1F2C6926145E5E001154BC /* DetailedItemPresenter.swift in Sources */,
				2A1F2C7E2614A21C001154BC /* SelfSizedTableView.swift in Sources */,
				2A1F2C1226133902001154BC /* SearchedItemDisplayedModel.swift in Sources */,
				2A1F2C372613487B001154BC /* HandledVC.swift in Sources */,
				2A1F2C152613395E001154BC /* RequestResultModel.swift in Sources */,
				2A1F2C702614611D001154BC /* UIViewController+storyboard.swift in Sources */,
				2A1F2C4F261368C1001154BC /* UrlRouter.swift in Sources */,
				2A1F2C0726130B78001154BC /* String+localized.swift in Sources */,
				2A1F2C0B26131073001154BC /* UIViewController+keyboard.swift in Sources */,
				2A6B40042614F383001A953B /* UserDefaults+ObjectSavable.swift in Sources */,
				2A1F2C4826135B9C001154BC /* RequestExecuter.swift in Sources */,
				2A1F2BC32612FC2D001154BC /* AppDelegate.swift in Sources */,
				2A6B40012614F2C1001A953B /* ObjectSavable.swift in Sources */,
				2A1F2BEE261308EA001154BC /* UITableViewExtension.swift in Sources */,
				2A1F2C192613398E001154BC /* DataService.swift in Sources */,
			);
			runOnlyForDeploymentPostprocessing = 0;
		};
/* End PBXSourcesBuildPhase section */

/* Begin PBXVariantGroup section */
		2A1F2BC82612FC2D001154BC /* Main.storyboard */ = {
			isa = PBXVariantGroup;
			children = (
				2A1F2BC92612FC2D001154BC /* Base */,
				2A6B400E2615004B001A953B /* es-419 */,
			);
			name = Main.storyboard;
			sourceTree = "<group>";
		};
		2A1F2BCD2612FC2F001154BC /* LaunchScreen.storyboard */ = {
			isa = PBXVariantGroup;
			children = (
				2A1F2BCE2612FC2F001154BC /* Base */,
				2A6B400F2615004C001A953B /* es-419 */,
			);
			name = LaunchScreen.storyboard;
			sourceTree = "<group>";
		};
		2A6B401A26150141001A953B /* Localizable.strings */ = {
			isa = PBXVariantGroup;
			children = (
				2A6B401B26150141001A953B /* Base */,
				2A6B401F26150148001A953B /* es-419 */,
			);
			name = Localizable.strings;
			sourceTree = "<group>";
		};
/* End PBXVariantGroup section */

/* Begin XCBuildConfiguration section */
		2A1F2BD12612FC2F001154BC /* Debug */ = {
			isa = XCBuildConfiguration;
			buildSettings = {
				ALWAYS_SEARCH_USER_PATHS = NO;
				CLANG_ANALYZER_LOCALIZABILITY_NONLOCALIZED = YES;
				CLANG_ANALYZER_NONNULL = YES;
				CLANG_ANALYZER_NUMBER_OBJECT_CONVERSION = YES_AGGRESSIVE;
				CLANG_CXX_LANGUAGE_STANDARD = "gnu++14";
				CLANG_CXX_LIBRARY = "libc++";
				CLANG_ENABLE_MODULES = YES;
				CLANG_ENABLE_OBJC_ARC = YES;
				CLANG_ENABLE_OBJC_WEAK = YES;
				CLANG_WARN_BLOCK_CAPTURE_AUTORELEASING = YES;
				CLANG_WARN_BOOL_CONVERSION = YES;
				CLANG_WARN_COMMA = YES;
				CLANG_WARN_CONSTANT_CONVERSION = YES;
				CLANG_WARN_DEPRECATED_OBJC_IMPLEMENTATIONS = YES;
				CLANG_WARN_DIRECT_OBJC_ISA_USAGE = YES_ERROR;
				CLANG_WARN_DOCUMENTATION_COMMENTS = YES;
				CLANG_WARN_EMPTY_BODY = YES;
				CLANG_WARN_ENUM_CONVERSION = YES;
				CLANG_WARN_INFINITE_RECURSION = YES;
				CLANG_WARN_INT_CONVERSION = YES;
				CLANG_WARN_NON_LITERAL_NULL_CONVERSION = YES;
				CLANG_WARN_OBJC_IMPLICIT_RETAIN_SELF = YES;
				CLANG_WARN_OBJC_LITERAL_CONVERSION = YES;
				CLANG_WARN_OBJC_ROOT_CLASS = YES_ERROR;
				CLANG_WARN_QUOTED_INCLUDE_IN_FRAMEWORK_HEADER = YES;
				CLANG_WARN_RANGE_LOOP_ANALYSIS = YES;
				CLANG_WARN_STRICT_PROTOTYPES = YES;
				CLANG_WARN_SUSPICIOUS_MOVE = YES;
				CLANG_WARN_UNGUARDED_AVAILABILITY = YES_AGGRESSIVE;
				CLANG_WARN_UNREACHABLE_CODE = YES;
				CLANG_WARN__DUPLICATE_METHOD_MATCH = YES;
				COPY_PHASE_STRIP = NO;
				DEBUG_INFORMATION_FORMAT = dwarf;
				ENABLE_STRICT_OBJC_MSGSEND = YES;
				ENABLE_TESTABILITY = YES;
				GCC_C_LANGUAGE_STANDARD = gnu11;
				GCC_DYNAMIC_NO_PIC = NO;
				GCC_NO_COMMON_BLOCKS = YES;
				GCC_OPTIMIZATION_LEVEL = 0;
				GCC_PREPROCESSOR_DEFINITIONS = (
					"DEBUG=1",
					"$(inherited)",
				);
				GCC_WARN_64_TO_32_BIT_CONVERSION = YES;
				GCC_WARN_ABOUT_RETURN_TYPE = YES_ERROR;
				GCC_WARN_UNDECLARED_SELECTOR = YES;
				GCC_WARN_UNINITIALIZED_AUTOS = YES_AGGRESSIVE;
				GCC_WARN_UNUSED_FUNCTION = YES;
				GCC_WARN_UNUSED_VARIABLE = YES;
				IPHONEOS_DEPLOYMENT_TARGET = 14.0;
				MTL_ENABLE_DEBUG_INFO = INCLUDE_SOURCE;
				MTL_FAST_MATH = YES;
				ONLY_ACTIVE_ARCH = YES;
				SDKROOT = iphoneos;
				SWIFT_ACTIVE_COMPILATION_CONDITIONS = DEBUG;
				SWIFT_OPTIMIZATION_LEVEL = "-Onone";
			};
			name = Debug;
		};
		2A1F2BD22612FC2F001154BC /* Release */ = {
			isa = XCBuildConfiguration;
			buildSettings = {
				ALWAYS_SEARCH_USER_PATHS = NO;
				CLANG_ANALYZER_LOCALIZABILITY_NONLOCALIZED = YES;
				CLANG_ANALYZER_NONNULL = YES;
				CLANG_ANALYZER_NUMBER_OBJECT_CONVERSION = YES_AGGRESSIVE;
				CLANG_CXX_LANGUAGE_STANDARD = "gnu++14";
				CLANG_CXX_LIBRARY = "libc++";
				CLANG_ENABLE_MODULES = YES;
				CLANG_ENABLE_OBJC_ARC = YES;
				CLANG_ENABLE_OBJC_WEAK = YES;
				CLANG_WARN_BLOCK_CAPTURE_AUTORELEASING = YES;
				CLANG_WARN_BOOL_CONVERSION = YES;
				CLANG_WARN_COMMA = YES;
				CLANG_WARN_CONSTANT_CONVERSION = YES;
				CLANG_WARN_DEPRECATED_OBJC_IMPLEMENTATIONS = YES;
				CLANG_WARN_DIRECT_OBJC_ISA_USAGE = YES_ERROR;
				CLANG_WARN_DOCUMENTATION_COMMENTS = YES;
				CLANG_WARN_EMPTY_BODY = YES;
				CLANG_WARN_ENUM_CONVERSION = YES;
				CLANG_WARN_INFINITE_RECURSION = YES;
				CLANG_WARN_INT_CONVERSION = YES;
				CLANG_WARN_NON_LITERAL_NULL_CONVERSION = YES;
				CLANG_WARN_OBJC_IMPLICIT_RETAIN_SELF = YES;
				CLANG_WARN_OBJC_LITERAL_CONVERSION = YES;
				CLANG_WARN_OBJC_ROOT_CLASS = YES_ERROR;
				CLANG_WARN_QUOTED_INCLUDE_IN_FRAMEWORK_HEADER = YES;
				CLANG_WARN_RANGE_LOOP_ANALYSIS = YES;
				CLANG_WARN_STRICT_PROTOTYPES = YES;
				CLANG_WARN_SUSPICIOUS_MOVE = YES;
				CLANG_WARN_UNGUARDED_AVAILABILITY = YES_AGGRESSIVE;
				CLANG_WARN_UNREACHABLE_CODE = YES;
				CLANG_WARN__DUPLICATE_METHOD_MATCH = YES;
				COPY_PHASE_STRIP = NO;
				DEBUG_INFORMATION_FORMAT = "dwarf-with-dsym";
				ENABLE_NS_ASSERTIONS = NO;
				ENABLE_STRICT_OBJC_MSGSEND = YES;
				GCC_C_LANGUAGE_STANDARD = gnu11;
				GCC_NO_COMMON_BLOCKS = YES;
				GCC_WARN_64_TO_32_BIT_CONVERSION = YES;
				GCC_WARN_ABOUT_RETURN_TYPE = YES_ERROR;
				GCC_WARN_UNDECLARED_SELECTOR = YES;
				GCC_WARN_UNINITIALIZED_AUTOS = YES_AGGRESSIVE;
				GCC_WARN_UNUSED_FUNCTION = YES;
				GCC_WARN_UNUSED_VARIABLE = YES;
				IPHONEOS_DEPLOYMENT_TARGET = 14.0;
				MTL_ENABLE_DEBUG_INFO = NO;
				MTL_FAST_MATH = YES;
				SDKROOT = iphoneos;
				SWIFT_COMPILATION_MODE = wholemodule;
				SWIFT_OPTIMIZATION_LEVEL = "-O";
				VALIDATE_PRODUCT = YES;
			};
			name = Release;
		};
		2A1F2BD42612FC2F001154BC /* Debug */ = {
			isa = XCBuildConfiguration;
			baseConfigurationReference = 5AD1B57F89ACA20B35D74AF8 /* Pods-OnlineCatalogueMVP.debug.xcconfig */;
			buildSettings = {
				ASSETCATALOG_COMPILER_APPICON_NAME = AppIcon;
				ASSETCATALOG_COMPILER_GLOBAL_ACCENT_COLOR_NAME = AccentColor;
				CODE_SIGN_STYLE = Automatic;
				DEVELOPMENT_TEAM = 83JVLLMJTR;
				INFOPLIST_FILE = OnlineCatalogueMVP/Info.plist;
				LD_RUNPATH_SEARCH_PATHS = (
					"$(inherited)",
					"@executable_path/Frameworks",
				);
				PRODUCT_BUNDLE_IDENTIFIER = "Evgeniy-Kolenkov.OnlineCatalogueMVP";
				PRODUCT_NAME = "$(TARGET_NAME)";
				SWIFT_VERSION = 5.0;
				TARGETED_DEVICE_FAMILY = 1;
			};
			name = Debug;
		};
		2A1F2BD52612FC2F001154BC /* Release */ = {
			isa = XCBuildConfiguration;
			baseConfigurationReference = FC33F328281497DAAE0C7733 /* Pods-OnlineCatalogueMVP.release.xcconfig */;
			buildSettings = {
				ASSETCATALOG_COMPILER_APPICON_NAME = AppIcon;
				ASSETCATALOG_COMPILER_GLOBAL_ACCENT_COLOR_NAME = AccentColor;
				CODE_SIGN_STYLE = Automatic;
				DEVELOPMENT_TEAM = 83JVLLMJTR;
				INFOPLIST_FILE = OnlineCatalogueMVP/Info.plist;
				LD_RUNPATH_SEARCH_PATHS = (
					"$(inherited)",
					"@executable_path/Frameworks",
				);
				PRODUCT_BUNDLE_IDENTIFIER = "Evgeniy-Kolenkov.OnlineCatalogueMVP";
				PRODUCT_NAME = "$(TARGET_NAME)";
				SWIFT_VERSION = 5.0;
				TARGETED_DEVICE_FAMILY = 1;
			};
			name = Release;
		};
/* End XCBuildConfiguration section */

/* Begin XCConfigurationList section */
		2A1F2BBA2612FC2D001154BC /* Build configuration list for PBXProject "OnlineCatalogueMVP" */ = {
			isa = XCConfigurationList;
			buildConfigurations = (
				2A1F2BD12612FC2F001154BC /* Debug */,
				2A1F2BD22612FC2F001154BC /* Release */,
			);
			defaultConfigurationIsVisible = 0;
			defaultConfigurationName = Release;
		};
		2A1F2BD32612FC2F001154BC /* Build configuration list for PBXNativeTarget "OnlineCatalogueMVP" */ = {
			isa = XCConfigurationList;
			buildConfigurations = (
				2A1F2BD42612FC2F001154BC /* Debug */,
				2A1F2BD52612FC2F001154BC /* Release */,
			);
			defaultConfigurationIsVisible = 0;
			defaultConfigurationName = Release;
		};
/* End XCConfigurationList section */
	};
	rootObject = 2A1F2BB72612FC2D001154BC /* Project object */;
}
